// !$*UTF8*$!
{
	archiveVersion = 1;
	classes = {
	};
	objectVersion = 50;
	objects = {

/* Begin PBXBuildFile section */
		0B14A44550EA403B5F67A23B /* Pods_IssueBrowserTests.framework in Frameworks */ = {isa = PBXBuildFile; fileRef = 4EF9DD003885E469BC13A9FB /* Pods_IssueBrowserTests.framework */; };
		833844062147358E006DB7A6 /* IssueTableViewController.swift in Sources */ = {isa = PBXBuildFile; fileRef = 833844052147358E006DB7A6 /* IssueTableViewController.swift */; };
		8338440821473839006DB7A6 /* IssueTableViewCell.swift in Sources */ = {isa = PBXBuildFile; fileRef = 8338440721473839006DB7A6 /* IssueTableViewCell.swift */; };
		8338440A21474265006DB7A6 /* IssueDetailViewController.swift in Sources */ = {isa = PBXBuildFile; fileRef = 8338440921474265006DB7A6 /* IssueDetailViewController.swift */; };
		8376DDF92141C9D600C3D904 /* AppDelegate.swift in Sources */ = {isa = PBXBuildFile; fileRef = 8376DDF82141C9D600C3D904 /* AppDelegate.swift */; };
		8376DDFE2141C9D600C3D904 /* Main.storyboard in Resources */ = {isa = PBXBuildFile; fileRef = 8376DDFC2141C9D600C3D904 /* Main.storyboard */; };
		8376DE002141C9D800C3D904 /* Assets.xcassets in Resources */ = {isa = PBXBuildFile; fileRef = 8376DDFF2141C9D800C3D904 /* Assets.xcassets */; };
		8376DE032141C9D800C3D904 /* LaunchScreen.storyboard in Resources */ = {isa = PBXBuildFile; fileRef = 8376DE012141C9D800C3D904 /* LaunchScreen.storyboard */; };
		8376DE0E2141C9D800C3D904 /* IssueBrowserTests.swift in Sources */ = {isa = PBXBuildFile; fileRef = 8376DE0D2141C9D800C3D904 /* IssueBrowserTests.swift */; };
		839DAA0D21477E3A00F046BB /* UIViewController+Alerts.swift in Sources */ = {isa = PBXBuildFile; fileRef = 839DAA0C21477E3A00F046BB /* UIViewController+Alerts.swift */; };
		83FE51B62142DECA005C0EFE /* Spec.txt in Resources */ = {isa = PBXBuildFile; fileRef = 83FE51B52142DECA005C0EFE /* Spec.txt */; };
		83FE51BA2142E1FD005C0EFE /* GitHub.swift in Sources */ = {isa = PBXBuildFile; fileRef = 83FE51B92142E1FD005C0EFE /* GitHub.swift */; };
		83FE51C12142F7F4005C0EFE /* Issues.swift in Sources */ = {isa = PBXBuildFile; fileRef = 83FE51C02142F7F4005C0EFE /* Issues.swift */; };
		CA0D0195E123E3EA56D60E54 /* Pods_IssueBrowser.framework in Frameworks */ = {isa = PBXBuildFile; fileRef = 69F4491C0B2A186D0F9BB3C8 /* Pods_IssueBrowser.framework */; };
/* End PBXBuildFile section */

/* Begin PBXContainerItemProxy section */
		8376DE0A2141C9D800C3D904 /* PBXContainerItemProxy */ = {
			isa = PBXContainerItemProxy;
			containerPortal = 8376DDED2141C9D600C3D904 /* Project object */;
			proxyType = 1;
			remoteGlobalIDString = 8376DDF42141C9D600C3D904;
			remoteInfo = IssueBrowser;
		};
/* End PBXContainerItemProxy section */

/* Begin PBXFileReference section */
		298CC8C0674E37C40186D6B0 /* Pods-IssueBrowserTests.release.xcconfig */ = {isa = PBXFileReference; includeInIndex = 1; lastKnownFileType = text.xcconfig; name = "Pods-IssueBrowserTests.release.xcconfig"; path = "Pods/Target Support Files/Pods-IssueBrowserTests/Pods-IssueBrowserTests.release.xcconfig"; sourceTree = "<group>"; };
		4EF9DD003885E469BC13A9FB /* Pods_IssueBrowserTests.framework */ = {isa = PBXFileReference; explicitFileType = wrapper.framework; includeInIndex = 0; path = Pods_IssueBrowserTests.framework; sourceTree = BUILT_PRODUCTS_DIR; };
		69F4491C0B2A186D0F9BB3C8 /* Pods_IssueBrowser.framework */ = {isa = PBXFileReference; explicitFileType = wrapper.framework; includeInIndex = 0; path = Pods_IssueBrowser.framework; sourceTree = BUILT_PRODUCTS_DIR; };
		833844052147358E006DB7A6 /* IssueTableViewController.swift */ = {isa = PBXFileReference; lastKnownFileType = sourcecode.swift; path = IssueTableViewController.swift; sourceTree = "<group>"; };
		8338440721473839006DB7A6 /* IssueTableViewCell.swift */ = {isa = PBXFileReference; lastKnownFileType = sourcecode.swift; path = IssueTableViewCell.swift; sourceTree = "<group>"; };
		8338440921474265006DB7A6 /* IssueDetailViewController.swift */ = {isa = PBXFileReference; lastKnownFileType = sourcecode.swift; path = IssueDetailViewController.swift; sourceTree = "<group>"; };
		8376DDF52141C9D600C3D904 /* IssueBrowser.app */ = {isa = PBXFileReference; explicitFileType = wrapper.application; includeInIndex = 0; path = IssueBrowser.app; sourceTree = BUILT_PRODUCTS_DIR; };
		8376DDF82141C9D600C3D904 /* AppDelegate.swift */ = {isa = PBXFileReference; lastKnownFileType = sourcecode.swift; path = AppDelegate.swift; sourceTree = "<group>"; };
		8376DDFD2141C9D600C3D904 /* Base */ = {isa = PBXFileReference; lastKnownFileType = file.storyboard; name = Base; path = Base.lproj/Main.storyboard; sourceTree = "<group>"; };
		8376DDFF2141C9D800C3D904 /* Assets.xcassets */ = {isa = PBXFileReference; lastKnownFileType = folder.assetcatalog; path = Assets.xcassets; sourceTree = "<group>"; };
		8376DE022141C9D800C3D904 /* Base */ = {isa = PBXFileReference; lastKnownFileType = file.storyboard; name = Base; path = Base.lproj/LaunchScreen.storyboard; sourceTree = "<group>"; };
		8376DE042141C9D800C3D904 /* Info.plist */ = {isa = PBXFileReference; lastKnownFileType = text.plist.xml; path = Info.plist; sourceTree = "<group>"; };
		8376DE092141C9D800C3D904 /* IssueBrowserTests.xctest */ = {isa = PBXFileReference; explicitFileType = wrapper.cfbundle; includeInIndex = 0; path = IssueBrowserTests.xctest; sourceTree = BUILT_PRODUCTS_DIR; };
		8376DE0D2141C9D800C3D904 /* IssueBrowserTests.swift */ = {isa = PBXFileReference; lastKnownFileType = sourcecode.swift; path = IssueBrowserTests.swift; sourceTree = "<group>"; };
		8376DE0F2141C9D800C3D904 /* Info.plist */ = {isa = PBXFileReference; lastKnownFileType = text.plist.xml; path = Info.plist; sourceTree = "<group>"; };
		839DAA0C21477E3A00F046BB /* UIViewController+Alerts.swift */ = {isa = PBXFileReference; lastKnownFileType = sourcecode.swift; path = "UIViewController+Alerts.swift"; sourceTree = "<group>"; };
		83FE51B52142DECA005C0EFE /* Spec.txt */ = {isa = PBXFileReference; lastKnownFileType = text; name = Spec.txt; path = ../Spec.txt; sourceTree = "<group>"; };
		83FE51B92142E1FD005C0EFE /* GitHub.swift */ = {isa = PBXFileReference; lastKnownFileType = sourcecode.swift; path = GitHub.swift; sourceTree = "<group>"; };
		83FE51C02142F7F4005C0EFE /* Issues.swift */ = {isa = PBXFileReference; lastKnownFileType = sourcecode.swift; path = Issues.swift; sourceTree = "<group>"; };
		9D735E71221C3E118342B2C4 /* Pods-IssueBrowser.debug.xcconfig */ = {isa = PBXFileReference; includeInIndex = 1; lastKnownFileType = text.xcconfig; name = "Pods-IssueBrowser.debug.xcconfig"; path = "Pods/Target Support Files/Pods-IssueBrowser/Pods-IssueBrowser.debug.xcconfig"; sourceTree = "<group>"; };
		DF8CB866B82E72D159E9F6EF /* Pods-IssueBrowserTests.debug.xcconfig */ = {isa = PBXFileReference; includeInIndex = 1; lastKnownFileType = text.xcconfig; name = "Pods-IssueBrowserTests.debug.xcconfig"; path = "Pods/Target Support Files/Pods-IssueBrowserTests/Pods-IssueBrowserTests.debug.xcconfig"; sourceTree = "<group>"; };
		FDFF443619F6BFFA2FBDB9BC /* Pods-IssueBrowser.release.xcconfig */ = {isa = PBXFileReference; includeInIndex = 1; lastKnownFileType = text.xcconfig; name = "Pods-IssueBrowser.release.xcconfig"; path = "Pods/Target Support Files/Pods-IssueBrowser/Pods-IssueBrowser.release.xcconfig"; sourceTree = "<group>"; };
/* End PBXFileReference section */

/* Begin PBXFrameworksBuildPhase section */
		8376DDF22141C9D600C3D904 /* Frameworks */ = {
			isa = PBXFrameworksBuildPhase;
			buildActionMask = 2147483647;
			files = (
				CA0D0195E123E3EA56D60E54 /* Pods_IssueBrowser.framework in Frameworks */,
			);
			runOnlyForDeploymentPostprocessing = 0;
		};
		8376DE062141C9D800C3D904 /* Frameworks */ = {
			isa = PBXFrameworksBuildPhase;
			buildActionMask = 2147483647;
			files = (
				0B14A44550EA403B5F67A23B /* Pods_IssueBrowserTests.framework in Frameworks */,
			);
			runOnlyForDeploymentPostprocessing = 0;
		};
/* End PBXFrameworksBuildPhase section */

/* Begin PBXGroup section */
		7F826F4AED159A5706DE7CF1 /* Pods */ = {
			isa = PBXGroup;
			children = (
				9D735E71221C3E118342B2C4 /* Pods-IssueBrowser.debug.xcconfig */,
				FDFF443619F6BFFA2FBDB9BC /* Pods-IssueBrowser.release.xcconfig */,
				DF8CB866B82E72D159E9F6EF /* Pods-IssueBrowserTests.debug.xcconfig */,
				298CC8C0674E37C40186D6B0 /* Pods-IssueBrowserTests.release.xcconfig */,
			);
			name = Pods;
			sourceTree = "<group>";
		};
		8376DDEC2141C9D600C3D904 = {
			isa = PBXGroup;
			children = (
				83FE51B52142DECA005C0EFE /* Spec.txt */,
				8376DDF72141C9D600C3D904 /* IssueBrowser */,
				8376DE0C2141C9D800C3D904 /* IssueBrowserTests */,
				8376DDF62141C9D600C3D904 /* Products */,
				7F826F4AED159A5706DE7CF1 /* Pods */,
				BBCE0848910DD0EDB9D0AC2B /* Frameworks */,
			);
			sourceTree = "<group>";
		};
		8376DDF62141C9D600C3D904 /* Products */ = {
			isa = PBXGroup;
			children = (
				8376DDF52141C9D600C3D904 /* IssueBrowser.app */,
				8376DE092141C9D800C3D904 /* IssueBrowserTests.xctest */,
			);
			name = Products;
			sourceTree = "<group>";
		};
		8376DDF72141C9D600C3D904 /* IssueBrowser */ = {
			isa = PBXGroup;
			children = (
				8376DDF82141C9D600C3D904 /* AppDelegate.swift */,
				8376DDFC2141C9D600C3D904 /* Main.storyboard */,
				8376DDFF2141C9D800C3D904 /* Assets.xcassets */,
				8376DE012141C9D800C3D904 /* LaunchScreen.storyboard */,
				8376DE042141C9D800C3D904 /* Info.plist */,
				83FE51C02142F7F4005C0EFE /* Issues.swift */,
				83FE51B92142E1FD005C0EFE /* GitHub.swift */,
				833844052147358E006DB7A6 /* IssueTableViewController.swift */,
				8338440721473839006DB7A6 /* IssueTableViewCell.swift */,
				8338440921474265006DB7A6 /* IssueDetailViewController.swift */,
				839DAA0C21477E3A00F046BB /* UIViewController+Alerts.swift */,
			);
			path = IssueBrowser;
			sourceTree = "<group>";
		};
		8376DE0C2141C9D800C3D904 /* IssueBrowserTests */ = {
			isa = PBXGroup;
			children = (
				8376DE0D2141C9D800C3D904 /* IssueBrowserTests.swift */,
				8376DE0F2141C9D800C3D904 /* Info.plist */,
			);
			path = IssueBrowserTests;
			sourceTree = "<group>";
		};
		BBCE0848910DD0EDB9D0AC2B /* Frameworks */ = {
			isa = PBXGroup;
			children = (
				69F4491C0B2A186D0F9BB3C8 /* Pods_IssueBrowser.framework */,
				4EF9DD003885E469BC13A9FB /* Pods_IssueBrowserTests.framework */,
			);
			name = Frameworks;
			sourceTree = "<group>";
		};
/* End PBXGroup section */

/* Begin PBXNativeTarget section */
		8376DDF42141C9D600C3D904 /* IssueBrowser */ = {
			isa = PBXNativeTarget;
			buildConfigurationList = 8376DE122141C9D800C3D904 /* Build configuration list for PBXNativeTarget "IssueBrowser" */;
			buildPhases = (
				6A0038CB15CF2F8F32A8362F /* [CP] Check Pods Manifest.lock */,
				8376DDF12141C9D600C3D904 /* Sources */,
				8376DDF22141C9D600C3D904 /* Frameworks */,
				8376DDF32141C9D600C3D904 /* Resources */,
				FCD8B3BE5BEEA4C297E1A377 /* [CP] Embed Pods Frameworks */,
			);
			buildRules = (
			);
			dependencies = (
			);
			name = IssueBrowser;
			productName = IssueBrowser;
			productReference = 8376DDF52141C9D600C3D904 /* IssueBrowser.app */;
			productType = "com.apple.product-type.application";
		};
		8376DE082141C9D800C3D904 /* IssueBrowserTests */ = {
			isa = PBXNativeTarget;
			buildConfigurationList = 8376DE152141C9D800C3D904 /* Build configuration list for PBXNativeTarget "IssueBrowserTests" */;
			buildPhases = (
				9651806ED019D688CE27A423 /* [CP] Check Pods Manifest.lock */,
				8376DE052141C9D800C3D904 /* Sources */,
				8376DE062141C9D800C3D904 /* Frameworks */,
				8376DE072141C9D800C3D904 /* Resources */,
			);
			buildRules = (
			);
			dependencies = (
				8376DE0B2141C9D800C3D904 /* PBXTargetDependency */,
			);
			name = IssueBrowserTests;
			productName = IssueBrowserTests;
			productReference = 8376DE092141C9D800C3D904 /* IssueBrowserTests.xctest */;
			productType = "com.apple.product-type.bundle.unit-test";
		};
/* End PBXNativeTarget section */

/* Begin PBXProject section */
		8376DDED2141C9D600C3D904 /* Project object */ = {
			isa = PBXProject;
			attributes = {
				LastSwiftUpdateCheck = 0940;
				LastUpgradeCheck = 0940;
				ORGANIZATIONNAME = "Anna Dickinson";
				TargetAttributes = {
					8376DDF42141C9D600C3D904 = {
						CreatedOnToolsVersion = 9.4.1;
					};
					8376DE082141C9D800C3D904 = {
						CreatedOnToolsVersion = 9.4.1;
						TestTargetID = 8376DDF42141C9D600C3D904;
					};
				};
			};
			buildConfigurationList = 8376DDF02141C9D600C3D904 /* Build configuration list for PBXProject "IssueBrowser" */;
			compatibilityVersion = "Xcode 9.3";
			developmentRegion = en;
			hasScannedForEncodings = 0;
			knownRegions = (
				en,
				Base,
			);
			mainGroup = 8376DDEC2141C9D600C3D904;
			productRefGroup = 8376DDF62141C9D600C3D904 /* Products */;
			projectDirPath = "";
			projectRoot = "";
			targets = (
				8376DDF42141C9D600C3D904 /* IssueBrowser */,
				8376DE082141C9D800C3D904 /* IssueBrowserTests */,
			);
		};
/* End PBXProject section */

/* Begin PBXResourcesBuildPhase section */
		8376DDF32141C9D600C3D904 /* Resources */ = {
			isa = PBXResourcesBuildPhase;
			buildActionMask = 2147483647;
			files = (
				8376DE032141C9D800C3D904 /* LaunchScreen.storyboard in Resources */,
				83FE51B62142DECA005C0EFE /* Spec.txt in Resources */,
				8376DE002141C9D800C3D904 /* Assets.xcassets in Resources */,
				8376DDFE2141C9D600C3D904 /* Main.storyboard in Resources */,
			);
			runOnlyForDeploymentPostprocessing = 0;
		};
		8376DE072141C9D800C3D904 /* Resources */ = {
			isa = PBXResourcesBuildPhase;
			buildActionMask = 2147483647;
			files = (
			);
			runOnlyForDeploymentPostprocessing = 0;
		};
/* End PBXResourcesBuildPhase section */

/* Begin PBXShellScriptBuildPhase section */
		6A0038CB15CF2F8F32A8362F /* [CP] Check Pods Manifest.lock */ = {
			isa = PBXShellScriptBuildPhase;
			buildActionMask = 2147483647;
			files = (
			);
			inputPaths = (
				"${PODS_PODFILE_DIR_PATH}/Podfile.lock",
				"${PODS_ROOT}/Manifest.lock",
			);
			name = "[CP] Check Pods Manifest.lock";
			outputPaths = (
				"$(DERIVED_FILE_DIR)/Pods-IssueBrowser-checkManifestLockResult.txt",
			);
			runOnlyForDeploymentPostprocessing = 0;
			shellPath = /bin/sh;
			shellScript = "diff \"${PODS_PODFILE_DIR_PATH}/Podfile.lock\" \"${PODS_ROOT}/Manifest.lock\" > /dev/null\nif [ $? != 0 ] ; then\n    # print error to STDERR\n    echo \"error: The sandbox is not in sync with the Podfile.lock. Run 'pod install' or update your CocoaPods installation.\" >&2\n    exit 1\nfi\n# This output is used by Xcode 'outputs' to avoid re-running this script phase.\necho \"SUCCESS\" > \"${SCRIPT_OUTPUT_FILE_0}\"\n";
			showEnvVarsInLog = 0;
		};
		9651806ED019D688CE27A423 /* [CP] Check Pods Manifest.lock */ = {
			isa = PBXShellScriptBuildPhase;
			buildActionMask = 2147483647;
			files = (
			);
			inputPaths = (
				"${PODS_PODFILE_DIR_PATH}/Podfile.lock",
				"${PODS_ROOT}/Manifest.lock",
			);
			name = "[CP] Check Pods Manifest.lock";
			outputPaths = (
				"$(DERIVED_FILE_DIR)/Pods-IssueBrowserTests-checkManifestLockResult.txt",
			);
			runOnlyForDeploymentPostprocessing = 0;
			shellPath = /bin/sh;
			shellScript = "diff \"${PODS_PODFILE_DIR_PATH}/Podfile.lock\" \"${PODS_ROOT}/Manifest.lock\" > /dev/null\nif [ $? != 0 ] ; then\n    # print error to STDERR\n    echo \"error: The sandbox is not in sync with the Podfile.lock. Run 'pod install' or update your CocoaPods installation.\" >&2\n    exit 1\nfi\n# This output is used by Xcode 'outputs' to avoid re-running this script phase.\necho \"SUCCESS\" > \"${SCRIPT_OUTPUT_FILE_0}\"\n";
			showEnvVarsInLog = 0;
		};
		FCD8B3BE5BEEA4C297E1A377 /* [CP] Embed Pods Frameworks */ = {
			isa = PBXShellScriptBuildPhase;
			buildActionMask = 2147483647;
			files = (
			);
			inputPaths = (
				"${SRCROOT}/Pods/Target Support Files/Pods-IssueBrowser/Pods-IssueBrowser-frameworks.sh",
				"${BUILT_PRODUCTS_DIR}/Alamofire/Alamofire.framework",
			);
			name = "[CP] Embed Pods Frameworks";
			outputPaths = (
				"${TARGET_BUILD_DIR}/${FRAMEWORKS_FOLDER_PATH}/Alamofire.framework",
			);
			runOnlyForDeploymentPostprocessing = 0;
			shellPath = /bin/sh;
			shellScript = "\"${SRCROOT}/Pods/Target Support Files/Pods-IssueBrowser/Pods-IssueBrowser-frameworks.sh\"\n";
			showEnvVarsInLog = 0;
		};
/* End PBXShellScriptBuildPhase section */

/* Begin PBXSourcesBuildPhase section */
		8376DDF12141C9D600C3D904 /* Sources */ = {
			isa = PBXSourcesBuildPhase;
			buildActionMask = 2147483647;
			files = (
				8338440821473839006DB7A6 /* IssueTableViewCell.swift in Sources */,
				833844062147358E006DB7A6 /* IssueTableViewController.swift in Sources */,
				83FE51BA2142E1FD005C0EFE /* GitHub.swift in Sources */,
				8376DDF92141C9D600C3D904 /* AppDelegate.swift in Sources */,
				83FE51C12142F7F4005C0EFE /* Issues.swift in Sources */,
				839DAA0D21477E3A00F046BB /* UIViewController+Alerts.swift in Sources */,
				8338440A21474265006DB7A6 /* IssueDetailViewController.swift in Sources */,
			);
			runOnlyForDeploymentPostprocessing = 0;
		};
		8376DE052141C9D800C3D904 /* Sources */ = {
			isa = PBXSourcesBuildPhase;
			buildActionMask = 2147483647;
			files = (
				8376DE0E2141C9D800C3D904 /* IssueBrowserTests.swift in Sources */,
			);
			runOnlyForDeploymentPostprocessing = 0;
		};
/* End PBXSourcesBuildPhase section */

/* Begin PBXTargetDependency section */
		8376DE0B2141C9D800C3D904 /* PBXTargetDependency */ = {
			isa = PBXTargetDependency;
			target = 8376DDF42141C9D600C3D904 /* IssueBrowser */;
			targetProxy = 8376DE0A2141C9D800C3D904 /* PBXContainerItemProxy */;
		};
/* End PBXTargetDependency section */

/* Begin PBXVariantGroup section */
		8376DDFC2141C9D600C3D904 /* Main.storyboard */ = {
			isa = PBXVariantGroup;
			children = (
				8376DDFD2141C9D600C3D904 /* Base */,
			);
			name = Main.storyboard;
			sourceTree = "<group>";
		};
		8376DE012141C9D800C3D904 /* LaunchScreen.storyboard */ = {
			isa = PBXVariantGroup;
			children = (
				8376DE022141C9D800C3D904 /* Base */,
			);
			name = LaunchScreen.storyboard;
			sourceTree = "<group>";
		};
/* End PBXVariantGroup section */

/* Begin XCBuildConfiguration section */
		8376DE102141C9D800C3D904 /* Debug */ = {
			isa = XCBuildConfiguration;
			buildSettings = {
				ALWAYS_SEARCH_USER_PATHS = NO;
				CLANG_ANALYZER_NONNULL = YES;
				CLANG_ANALYZER_NUMBER_OBJECT_CONVERSION = YES_AGGRESSIVE;
				CLANG_CXX_LANGUAGE_STANDARD = "gnu++14";
				CLANG_CXX_LIBRARY = "libc++";
				CLANG_ENABLE_MODULES = YES;
				CLANG_ENABLE_OBJC_ARC = YES;
				CLANG_ENABLE_OBJC_WEAK = YES;
				CLANG_WARN_BLOCK_CAPTURE_AUTORELEASING = YES;
				CLANG_WARN_BOOL_CONVERSION = YES;
				CLANG_WARN_COMMA = YES;
				CLANG_WARN_CONSTANT_CONVERSION = YES;
				CLANG_WARN_DEPRECATED_OBJC_IMPLEMENTATIONS = YES;
				CLANG_WARN_DIRECT_OBJC_ISA_USAGE = YES_ERROR;
				CLANG_WARN_DOCUMENTATION_COMMENTS = YES;
				CLANG_WARN_EMPTY_BODY = YES;
				CLANG_WARN_ENUM_CONVERSION = YES;
				CLANG_WARN_INFINITE_RECURSION = YES;
				CLANG_WARN_INT_CONVERSION = YES;
				CLANG_WARN_NON_LITERAL_NULL_CONVERSION = YES;
				CLANG_WARN_OBJC_IMPLICIT_RETAIN_SELF = YES;
				CLANG_WARN_OBJC_LITERAL_CONVERSION = YES;
				CLANG_WARN_OBJC_ROOT_CLASS = YES_ERROR;
				CLANG_WARN_RANGE_LOOP_ANALYSIS = YES;
				CLANG_WARN_STRICT_PROTOTYPES = YES;
				CLANG_WARN_SUSPICIOUS_MOVE = YES;
				CLANG_WARN_UNGUARDED_AVAILABILITY = YES_AGGRESSIVE;
				CLANG_WARN_UNREACHABLE_CODE = YES;
				CLANG_WARN__DUPLICATE_METHOD_MATCH = YES;
				CODE_SIGN_IDENTITY = "iPhone Developer";
				COPY_PHASE_STRIP = NO;
				DEBUG_INFORMATION_FORMAT = dwarf;
				ENABLE_STRICT_OBJC_MSGSEND = YES;
				ENABLE_TESTABILITY = YES;
				GCC_C_LANGUAGE_STANDARD = gnu11;
				GCC_DYNAMIC_NO_PIC = NO;
				GCC_NO_COMMON_BLOCKS = YES;
				GCC_OPTIMIZATION_LEVEL = 0;
				GCC_PREPROCESSOR_DEFINITIONS = (
					"DEBUG=1",
					"$(inherited)",
				);
				GCC_WARN_64_TO_32_BIT_CONVERSION = YES;
				GCC_WARN_ABOUT_RETURN_TYPE = YES_ERROR;
				GCC_WARN_UNDECLARED_SELECTOR = YES;
				GCC_WARN_UNINITIALIZED_AUTOS = YES_AGGRESSIVE;
				GCC_WARN_UNUSED_FUNCTION = YES;
				GCC_WARN_UNUSED_VARIABLE = YES;
				IPHONEOS_DEPLOYMENT_TARGET = 11.4;
				MTL_ENABLE_DEBUG_INFO = YES;
				ONLY_ACTIVE_ARCH = YES;
				SDKROOT = iphoneos;
				SWIFT_ACTIVE_COMPILATION_CONDITIONS = DEBUG;
				SWIFT_OPTIMIZATION_LEVEL = "-Onone";
			};
			name = Debug;
		};
		8376DE112141C9D800C3D904 /* Release */ = {
			isa = XCBuildConfiguration;
			buildSettings = {
				ALWAYS_SEARCH_USER_PATHS = NO;
				CLANG_ANALYZER_NONNULL = YES;
				CLANG_ANALYZER_NUMBER_OBJECT_CONVERSION = YES_AGGRESSIVE;
				CLANG_CXX_LANGUAGE_STANDARD = "gnu++14";
				CLANG_CXX_LIBRARY = "libc++";
				CLANG_ENABLE_MODULES = YES;
				CLANG_ENABLE_OBJC_ARC = YES;
				CLANG_ENABLE_OBJC_WEAK = YES;
				CLANG_WARN_BLOCK_CAPTURE_AUTORELEASING = YES;
				CLANG_WARN_BOOL_CONVERSION = YES;
				CLANG_WARN_COMMA = YES;
				CLANG_WARN_CONSTANT_CONVERSION = YES;
				CLANG_WARN_DEPRECATED_OBJC_IMPLEMENTATIONS = YES;
				CLANG_WARN_DIRECT_OBJC_ISA_USAGE = YES_ERROR;
				CLANG_WARN_DOCUMENTATION_COMMENTS = YES;
				CLANG_WARN_EMPTY_BODY = YES;
				CLANG_WARN_ENUM_CONVERSION = YES;
				CLANG_WARN_INFINITE_RECURSION = YES;
				CLANG_WARN_INT_CONVERSION = YES;
				CLANG_WARN_NON_LITERAL_NULL_CONVERSION = YES;
				CLANG_WARN_OBJC_IMPLICIT_RETAIN_SELF = YES;
				CLANG_WARN_OBJC_LITERAL_CONVERSION = YES;
				CLANG_WARN_OBJC_ROOT_CLASS = YES_ERROR;
				CLANG_WARN_RANGE_LOOP_ANALYSIS = YES;
				CLANG_WARN_STRICT_PROTOTYPES = YES;
				CLANG_WARN_SUSPICIOUS_MOVE = YES;
				CLANG_WARN_UNGUARDED_AVAILABILITY = YES_AGGRESSIVE;
				CLANG_WARN_UNREACHABLE_CODE = YES;
				CLANG_WARN__DUPLICATE_METHOD_MATCH = YES;
				CODE_SIGN_IDENTITY = "iPhone Developer";
				COPY_PHASE_STRIP = NO;
				DEBUG_INFORMATION_FORMAT = "dwarf-with-dsym";
				ENABLE_NS_ASSERTIONS = NO;
				ENABLE_STRICT_OBJC_MSGSEND = YES;
				GCC_C_LANGUAGE_STANDARD = gnu11;
				GCC_NO_COMMON_BLOCKS = YES;
				GCC_WARN_64_TO_32_BIT_CONVERSION = YES;
				GCC_WARN_ABOUT_RETURN_TYPE = YES_ERROR;
				GCC_WARN_UNDECLARED_SELECTOR = YES;
				GCC_WARN_UNINITIALIZED_AUTOS = YES_AGGRESSIVE;
				GCC_WARN_UNUSED_FUNCTION = YES;
				GCC_WARN_UNUSED_VARIABLE = YES;
				IPHONEOS_DEPLOYMENT_TARGET = 11.4;
				MTL_ENABLE_DEBUG_INFO = NO;
				SDKROOT = iphoneos;
				SWIFT_COMPILATION_MODE = wholemodule;
				SWIFT_OPTIMIZATION_LEVEL = "-O";
				VALIDATE_PRODUCT = YES;
			};
			name = Release;
		};
		8376DE132141C9D800C3D904 /* Debug */ = {
			isa = XCBuildConfiguration;
			baseConfigurationReference = 9D735E71221C3E118342B2C4 /* Pods-IssueBrowser.debug.xcconfig */;
			buildSettings = {
				ASSETCATALOG_COMPILER_APPICON_NAME = AppIcon;
				CODE_SIGN_STYLE = Automatic;
				DEVELOPMENT_TEAM = YQ27GR84SD;
				INFOPLIST_FILE = IssueBrowser/Info.plist;
				LD_RUNPATH_SEARCH_PATHS = (
					"$(inherited)",
					"@executable_path/Frameworks",
				);
				PRODUCT_BUNDLE_IDENTIFIER = com.wackybananasoftware.IssueBrowser;
				PRODUCT_NAME = "$(TARGET_NAME)";
				SWIFT_VERSION = 4.0;
				TARGETED_DEVICE_FAMILY = "1,2";
			};
			name = Debug;
		};
		8376DE142141C9D800C3D904 /* Release */ = {
			isa = XCBuildConfiguration;
			baseConfigurationReference = FDFF443619F6BFFA2FBDB9BC /* Pods-IssueBrowser.release.xcconfig */;
			buildSettings = {
				ASSETCATALOG_COMPILER_APPICON_NAME = AppIcon;
				CODE_SIGN_STYLE = Automatic;
				DEVELOPMENT_TEAM = YQ27GR84SD;
				INFOPLIST_FILE = IssueBrowser/Info.plist;
				LD_RUNPATH_SEARCH_PATHS = (
					"$(inherited)",
					"@executable_path/Frameworks",
				);
				PRODUCT_BUNDLE_IDENTIFIER = com.wackybananasoftware.IssueBrowser;
				PRODUCT_NAME = "$(TARGET_NAME)";
				SWIFT_VERSION = 4.0;
				TARGETED_DEVICE_FAMILY = "1,2";
			};
			name = Release;
		};
		8376DE162141C9D800C3D904 /* Debug */ = {
			isa = XCBuildConfiguration;
			baseConfigurationReference = DF8CB866B82E72D159E9F6EF /* Pods-IssueBrowserTests.debug.xcconfig */;
			buildSettings = {
				ALWAYS_EMBED_SWIFT_STANDARD_LIBRARIES = YES;
				BUNDLE_LOADER = "$(TEST_HOST)";
				CODE_SIGN_STYLE = Automatic;
				DEVELOPMENT_TEAM = YQ27GR84SD;
				INFOPLIST_FILE = IssueBrowserTests/Info.plist;
				LD_RUNPATH_SEARCH_PATHS = (
					"$(inherited)",
					"@executable_path/Frameworks",
					"@loader_path/Frameworks",
				);
				PRODUCT_BUNDLE_IDENTIFIER = com.wackybananasoftware.IssueBrowserTests;
				PRODUCT_NAME = "$(TARGET_NAME)";
				SWIFT_VERSION = 4.0;
				TARGETED_DEVICE_FAMILY = "1,2";
				TEST_HOST = "$(BUILT_PRODUCTS_DIR)/IssueBrowser.app/IssueBrowser";
			};
			name = Debug;
		};
		8376DE172141C9D800C3D904 /* Release */ = {
			isa = XCBuildConfiguration;
			baseConfigurationReference = 298CC8C0674E37C40186D6B0 /* Pods-IssueBrowserTests.release.xcconfig */;
			buildSettings = {
				ALWAYS_EMBED_SWIFT_STANDARD_LIBRARIES = YES;
				BUNDLE_LOADER = "$(TEST_HOST)";
				CODE_SIGN_STYLE = Automatic;
				DEVELOPMENT_TEAM = YQ27GR84SD;
				INFOPLIST_FILE = IssueBrowserTests/Info.plist;
				LD_RUNPATH_SEARCH_PATHS = (
					"$(inherited)",
					"@executable_path/Frameworks",
					"@loader_path/Frameworks",
				);
				PRODUCT_BUNDLE_IDENTIFIER = com.wackybananasoftware.IssueBrowserTests;
				PRODUCT_NAME = "$(TARGET_NAME)";
				SWIFT_VERSION = 4.0;
				TARGETED_DEVICE_FAMILY = "1,2";
				TEST_HOST = "$(BUILT_PRODUCTS_DIR)/IssueBrowser.app/IssueBrowser";
			};
			name = Release;
		};
/* End XCBuildConfiguration section */

/* Begin XCConfigurationList section */
		8376DDF02141C9D600C3D904 /* Build configuration list for PBXProject "IssueBrowser" */ = {
			isa = XCConfigurationList;
			buildConfigurations = (
				8376DE102141C9D800C3D904 /* Debug */,
				8376DE112141C9D800C3D904 /* Release */,
			);
			defaultConfigurationIsVisible = 0;
			defaultConfigurationName = Release;
		};
		8376DE122141C9D800C3D904 /* Build configuration list for PBXNativeTarget "IssueBrowser" */ = {
			isa = XCConfigurationList;
			buildConfigurations = (
				8376DE132141C9D800C3D904 /* Debug */,
				8376DE142141C9D800C3D904 /* Release */,
			);
			defaultConfigurationIsVisible = 0;
			defaultConfigurationName = Release;
		};
		8376DE152141C9D800C3D904 /* Build configuration list for PBXNativeTarget "IssueBrowserTests" */ = {
			isa = XCConfigurationList;
			buildConfigurations = (
				8376DE162141C9D800C3D904 /* Debug */,
				8376DE172141C9D800C3D904 /* Release */,
			);
			defaultConfigurationIsVisible = 0;
			defaultConfigurationName = Release;
		};
/* End XCConfigurationList section */
	};
	rootObject = 8376DDED2141C9D600C3D904 /* Project object */;
}
